<?xml version="1.0" encoding="utf-8"?>
<Project ToolsVersion="4.0" xmlns="http://schemas.microsoft.com/developer/msbuild/2003">
  <ItemGroup>
    <Filter Include="Header Files">
      <UniqueIdentifier>{93995380-89BD-4b04-88EB-625FBE52EBFB}</UniqueIdentifier>
      <Extensions>h;hh;hpp;hxx;hm;inl;inc;xsd</Extensions>
    </Filter>
    <Filter Include="interfaces">
      <UniqueIdentifier>{70216e7b-523f-4f0d-982f-e5511652305a}</UniqueIdentifier>
    </Filter>
    <Filter Include="sourceimipl">
      <UniqueIdentifier>{257e8f74-15d7-43b3-8c9d-66d1260dd255}</UniqueIdentifier>
    </Filter>
    <Filter Include="logicimpl">
      <UniqueIdentifier>{8e897f56-cdfa-4a69-9677-c9bd4f37427f}</UniqueIdentifier>
    </Filter>
    <Filter Include="interactorimpl">
      <UniqueIdentifier>{02fb87fa-6e9a-4099-aa68-779dd2bad27b}</UniqueIdentifier>
    </Filter>
    <Filter Include="data">
      <UniqueIdentifier>{d4e33fde-5337-4f85-9957-f83027a27e88}</UniqueIdentifier>
    </Filter>
  </ItemGroup>
  <ItemGroup>
    <ClInclude Include="qtbackend_global.h">
      <Filter>Header Files</Filter>
    </ClInclude>
  </ItemGroup>
</Project>